{
  "name": "ant-tracker",
  "version": "1.0.0",
  "lockfileVersion": 2,
  "requires": true,
  "packages": {
    "": {
      "name": "ant-tracker",
      "version": "1.0.0",
      "license": "ISC",
      "dependencies": {
        "jspack": "^0.0.4",
        "underscore": "^1.13.6"
      }
    },
    "node_modules/jspack": {
      "version": "0.0.4",
      "resolved": "https://registry.pepperos.io/jspack/-/jspack-0.0.4.tgz",
      "integrity": "sha512-DC/lSTXYDDdYWzyY/9A1kMzp6Ov9mCRhZQ1cGg4te2w3y4/aKZTSspvbYN4LUsvSzMCb/H8z4TV9mYYW/bs3PQ=="
    },
    "node_modules/underscore": {
      "version": "1.13.6",
      "resolved": "https://registry.pepperos.io/underscore/-/underscore-1.13.6.tgz",
      "integrity": "sha512-+A5Sja4HP1M08MaXya7p5LvjuM7K6q/2EaC0+iovj/wOcMsTzMvDFbasi/oSapiwOlt252IqsKqPjCl7huKS0A==",
      "license": "MIT"
    }
  },
  "dependencies": {
    "jspack": {
      "version": "0.0.4",
      "resolved": "https://registry.pepperos.io/jspack/-/jspack-0.0.4.tgz",
      "integrity": "sha512-DC/lSTXYDDdYWzyY/9A1kMzp6Ov9mCRhZQ1cGg4te2w3y4/aKZTSspvbYN4LUsvSzMCb/H8z4TV9mYYW/bs3PQ=="
    },
    "underscore": {
      "version": "1.13.6",
      "resolved": "https://registry.pepperos.io/underscore/-/underscore-1.13.6.tgz",
      "integrity": "sha512-+A5Sja4HP1M08MaXya7p5LvjuM7K6q/2EaC0+iovj/wOcMsTzMvDFbasi/oSapiwOlt252IqsKqPjCl7huKS0A=="
    }
  }
}
